
Microsoft Visual Studio Solution File, Format Version 12.00
# Visual Studio Version 17
VisualStudioVersion = 17.0.31903.59
MinimumVisualStudioVersion = 10.0.40219.1
Project("{FAE04EC0-301F-11D3-BF4B-00C04F79EFBC}") = "Shapes", "Shapes\Shapes.csproj", "{21DCDF59-27CD-4336-8EEE-98B230B56DAD}"
EndProject
Project("{FAE04EC0-301F-11D3-BF4B-00C04F79EFBC}") = "Shapes.Test", "Shapes.Test\Shapes.Test.csproj", "{34475FB5-1F3E-4A62-BC56-A7393CC5C1E8}"
	ProjectSection(ProjectDependencies) = postProject
		{21DCDF59-27CD-4336-8EEE-98B230B56DAD} = {21DCDF59-27CD-4336-8EEE-98B230B56DAD}
	EndProjectSection
EndProject
Global
	GlobalSection(SolutionConfigurationPlatforms) = preSolution
		Debug|Any CPU = Debug|Any CPU
		Release|Any CPU = Release|Any CPU
	EndGlobalSection
	GlobalSection(ProjectConfigurationPlatforms) = postSolution
		{21DCDF59-27CD-4336-8EEE-98B230B56DAD}.Debug|Any CPU.ActiveCfg = Debug|Any CPU
		{21DCDF59-27CD-4336-8EEE-98B230B56DAD}.Debug|Any CPU.Build.0 = Debug|Any CPU
		{21DCDF59-27CD-4336-8EEE-98B230B56DAD}.Release|Any CPU.ActiveCfg = Release|Any CPU
		{21DCDF59-27CD-4336-8EEE-98B230B56DAD}.Release|Any CPU.Build.0 = Release|Any CPU
		{34475FB5-1F3E-4A62-BC56-A7393CC5C1E8}.Debug|Any CPU.ActiveCfg = Debug|Any CPU
		{34475FB5-1F3E-4A62-BC56-A7393CC5C1E8}.Debug|Any CPU.Build.0 = Debug|Any CPU
		{34475FB5-1F3E-4A62-BC56-A7393CC5C1E8}.Release|Any CPU.ActiveCfg = Release|Any CPU
		{34475FB5-1F3E-4A62-BC56-A7393CC5C1E8}.Release|Any CPU.Build.0 = Release|Any CPU
	EndGlobalSection
	GlobalSection(SolutionProperties) = preSolution
		HideSolutionNode = FALSE
	EndGlobalSection
	GlobalSection(ExtensibilityGlobals) = postSolution
		SolutionGuid = {BD19BFD3-A4F5-4CDF-9CBA-A19E42A5557D}
	EndGlobalSection
EndGlobal
